
Microsoft Visual Studio Solution File, Format Version 12.00
# Visual Studio Version 17
VisualStudioVersion = 17.8.34330.188
MinimumVisualStudioVersion = 10.0.40219.1
Project("{9A19103F-16F7-4668-BE54-9A1E7A4F7556}") = "KubePlayground", "KubePlayground\KubePlayground.csproj", "{AC705417-2DBB-403F-913F-F2E8E5D9D8C5}"
EndProject
Project("{9A19103F-16F7-4668-BE54-9A1E7A4F7556}") = "BackgroundProcesses", "BackgroundProcesses\BackgroundProcesses.csproj", "{181CCC2A-5ED0-4584-90EB-BDE21F9C5E5A}"
EndProject
Global
	GlobalSection(SolutionConfigurationPlatforms) = preSolution
		Debug|Any CPU = Debug|Any CPU
		Release|Any CPU = Release|Any CPU
	EndGlobalSection
	GlobalSection(ProjectConfigurationPlatforms) = postSolution
		{AC705417-2DBB-403F-913F-F2E8E5D9D8C5}.Debug|Any CPU.ActiveCfg = Debug|Any CPU
		{AC705417-2DBB-403F-913F-F2E8E5D9D8C5}.Debug|Any CPU.Build.0 = Debug|Any CPU
		{AC705417-2DBB-403F-913F-F2E8E5D9D8C5}.Release|Any CPU.ActiveCfg = Release|Any CPU
		{AC705417-2DBB-403F-913F-F2E8E5D9D8C5}.Release|Any CPU.Build.0 = Release|Any CPU
		{181CCC2A-5ED0-4584-90EB-BDE21F9C5E5A}.Debug|Any CPU.ActiveCfg = Debug|Any CPU
		{181CCC2A-5ED0-4584-90EB-BDE21F9C5E5A}.Debug|Any CPU.Build.0 = Debug|Any CPU
		{181CCC2A-5ED0-4584-90EB-BDE21F9C5E5A}.Release|Any CPU.ActiveCfg = Release|Any CPU
		{181CCC2A-5ED0-4584-90EB-BDE21F9C5E5A}.Release|Any CPU.Build.0 = Release|Any CPU
	EndGlobalSection
	GlobalSection(SolutionProperties) = preSolution
		HideSolutionNode = FALSE
	EndGlobalSection
	GlobalSection(ExtensibilityGlobals) = postSolution
		SolutionGuid = {9DC6ED23-6C9C-4A18-B1A8-2A8AF9F95E0E}
	EndGlobalSection
EndGlobal
